
Microsoft Visual Studio Solution File, Format Version 12.00
# Visual Studio Version 16
VisualStudioVersion = 16.0.808.6
MinimumVisualStudioVersion = 10.0.40219.1
Project("{FAE04EC0-301F-11D3-BF4B-00C04F79EFBC}") = "ssg215_arrays", "ssg215_arrays\ssg215_arrays.csproj", "{DB3B5E1A-6655-470C-9F10-F606E0B77C71}"
EndProject
Global
	GlobalSection(SolutionConfigurationPlatforms) = preSolution
		Debug|anycpu = Debug|anycpu
		Release|anycpu = Release|anycpu
	EndGlobalSection
	GlobalSection(ProjectConfigurationPlatforms) = postSolution
		{DB3B5E1A-6655-470C-9F10-F606E0B77C71}.Debug|anycpu.ActiveCfg = Debug|anycpu
		{DB3B5E1A-6655-470C-9F10-F606E0B77C71}.Debug|anycpu.Build.0 = Debug|anycpu
		{DB3B5E1A-6655-470C-9F10-F606E0B77C71}.Release|anycpu.ActiveCfg = Release|anycpu
		{DB3B5E1A-6655-470C-9F10-F606E0B77C71}.Release|anycpu.Build.0 = Release|anycpu
	EndGlobalSection
	GlobalSection(SolutionProperties) = preSolution
		HideSolutionNode = FALSE
	EndGlobalSection
	GlobalSection(ExtensibilityGlobals) = postSolution
		SolutionGuid = {19ED07A5-7CB6-4549-B9F9-23F95FFB4BA1}
	EndGlobalSection
EndGlobal
